
Microsoft Visual Studio Solution File, Format Version 12.00
# Visual Studio Version 17
VisualStudioVersion = 17.14.36121.58 d17.14
MinimumVisualStudioVersion = 10.0.40219.1
Project("{FAE04EC0-301F-11D3-BF4B-00C04F79EFBC}") = "05_Generics_und_ShiftOperationen", "05_Generics_und_ShiftOperationen\05_Generics_und_ShiftOperationen.csproj", "{3A05160A-47AB-4DE4-844F-DCED9FA8AC68}"
EndProject
Global
	GlobalSection(SolutionConfigurationPlatforms) = preSolution
		Debug|Any CPU = Debug|Any CPU
		Release|Any CPU = Release|Any CPU
	EndGlobalSection
	GlobalSection(ProjectConfigurationPlatforms) = postSolution
		{3A05160A-47AB-4DE4-844F-DCED9FA8AC68}.Debug|Any CPU.ActiveCfg = Debug|Any CPU
		{3A05160A-47AB-4DE4-844F-DCED9FA8AC68}.Debug|Any CPU.Build.0 = Debug|Any CPU
		{3A05160A-47AB-4DE4-844F-DCED9FA8AC68}.Release|Any CPU.ActiveCfg = Release|Any CPU
		{3A05160A-47AB-4DE4-844F-DCED9FA8AC68}.Release|Any CPU.Build.0 = Release|Any CPU
	EndGlobalSection
	GlobalSection(SolutionProperties) = preSolution
		HideSolutionNode = FALSE
	EndGlobalSection
	GlobalSection(ExtensibilityGlobals) = postSolution
		SolutionGuid = {8E6D1B56-9FFB-41A4-AA4A-9A7D3A4A677F}
	EndGlobalSection
EndGlobal
