
Microsoft Visual Studio Solution File, Format Version 12.00
# Visual Studio Version 17
VisualStudioVersion = 17.14.36121.58 d17.14
MinimumVisualStudioVersion = 10.0.40219.1
Project("{FAE04EC0-301F-11D3-BF4B-00C04F79EFBC}") = "09_Multi_threaded_Counter", "09_Multi_threaded_Counter\09_Multi_threaded_Counter.csproj", "{A5E726F3-3F54-4D24-9045-090BB9DD5875}"
EndProject
Project("{FAE04EC0-301F-11D3-BF4B-00C04F79EFBC}") = "09_DeadlockGenerator", "09_DeadlockGenerator\09_DeadlockGenerator.csproj", "{5DDBFE85-E857-4A40-8551-6B6CA8B83F08}"
EndProject
Project("{FAE04EC0-301F-11D3-BF4B-00C04F79EFBC}") = "09_WoerterInTextenZaehlen", "09_WoerterInTextenZaehlen\09_WoerterInTextenZaehlen.csproj", "{6F055313-FBF7-43E3-AC39-1FAB5C634DA3}"
EndProject
Global
	GlobalSection(SolutionConfigurationPlatforms) = preSolution
		Debug|Any CPU = Debug|Any CPU
		Release|Any CPU = Release|Any CPU
	EndGlobalSection
	GlobalSection(ProjectConfigurationPlatforms) = postSolution
		{A5E726F3-3F54-4D24-9045-090BB9DD5875}.Debug|Any CPU.ActiveCfg = Debug|Any CPU
		{A5E726F3-3F54-4D24-9045-090BB9DD5875}.Debug|Any CPU.Build.0 = Debug|Any CPU
		{A5E726F3-3F54-4D24-9045-090BB9DD5875}.Release|Any CPU.ActiveCfg = Release|Any CPU
		{A5E726F3-3F54-4D24-9045-090BB9DD5875}.Release|Any CPU.Build.0 = Release|Any CPU
		{5DDBFE85-E857-4A40-8551-6B6CA8B83F08}.Debug|Any CPU.ActiveCfg = Debug|Any CPU
		{5DDBFE85-E857-4A40-8551-6B6CA8B83F08}.Debug|Any CPU.Build.0 = Debug|Any CPU
		{5DDBFE85-E857-4A40-8551-6B6CA8B83F08}.Release|Any CPU.ActiveCfg = Release|Any CPU
		{5DDBFE85-E857-4A40-8551-6B6CA8B83F08}.Release|Any CPU.Build.0 = Release|Any CPU
		{6F055313-FBF7-43E3-AC39-1FAB5C634DA3}.Debug|Any CPU.ActiveCfg = Debug|Any CPU
		{6F055313-FBF7-43E3-AC39-1FAB5C634DA3}.Debug|Any CPU.Build.0 = Debug|Any CPU
		{6F055313-FBF7-43E3-AC39-1FAB5C634DA3}.Release|Any CPU.ActiveCfg = Release|Any CPU
		{6F055313-FBF7-43E3-AC39-1FAB5C634DA3}.Release|Any CPU.Build.0 = Release|Any CPU
	EndGlobalSection
	GlobalSection(SolutionProperties) = preSolution
		HideSolutionNode = FALSE
	EndGlobalSection
	GlobalSection(ExtensibilityGlobals) = postSolution
		SolutionGuid = {7B0197F6-8B21-4473-92E6-781641F071C4}
	EndGlobalSection
EndGlobal
