
Microsoft Visual Studio Solution File, Format Version 12.00
# Visual Studio Version 17
VisualStudioVersion = 17.14.36804.6 d17.14
MinimumVisualStudioVersion = 10.0.40219.1
Project("{FAE04EC0-301F-11D3-BF4B-00C04F79EFBC}") = "25_TodoApi", "25_TodoApi\25_TodoApi.csproj", "{D3393A7A-7427-4F69-9E60-C5CAB0FF0FB6}"
EndProject
Global
	GlobalSection(SolutionConfigurationPlatforms) = preSolution
		Debug|Any CPU = Debug|Any CPU
		Release|Any CPU = Release|Any CPU
	EndGlobalSection
	GlobalSection(ProjectConfigurationPlatforms) = postSolution
		{D3393A7A-7427-4F69-9E60-C5CAB0FF0FB6}.Debug|Any CPU.ActiveCfg = Debug|Any CPU
		{D3393A7A-7427-4F69-9E60-C5CAB0FF0FB6}.Debug|Any CPU.Build.0 = Debug|Any CPU
		{D3393A7A-7427-4F69-9E60-C5CAB0FF0FB6}.Release|Any CPU.ActiveCfg = Release|Any CPU
		{D3393A7A-7427-4F69-9E60-C5CAB0FF0FB6}.Release|Any CPU.Build.0 = Release|Any CPU
	EndGlobalSection
	GlobalSection(SolutionProperties) = preSolution
		HideSolutionNode = FALSE
	EndGlobalSection
	GlobalSection(ExtensibilityGlobals) = postSolution
		SolutionGuid = {6AE3B08C-C05B-4E24-9CB1-E3817AAC11E7}
	EndGlobalSection
EndGlobal
