
Microsoft Visual Studio Solution File, Format Version 12.00
# Visual Studio Version 17
VisualStudioVersion = 17.14.36804.6 d17.14
MinimumVisualStudioVersion = 10.0.40219.1
Project("{FAE04EC0-301F-11D3-BF4B-00C04F79EFBC}") = "20_MVVM", "20_MVVM\20_MVVM.csproj", "{7F3B9561-561E-4E5C-9FF1-B78C90377DA1}"
EndProject
Project("{FAE04EC0-301F-11D3-BF4B-00C04F79EFBC}") = "TimerExample", "TimerExample\TimerExample.csproj", "{A4D89AE0-FDF9-44D6-9D98-4B591ABF1E6C}"
EndProject
Global
	GlobalSection(SolutionConfigurationPlatforms) = preSolution
		Debug|Any CPU = Debug|Any CPU
		Release|Any CPU = Release|Any CPU
	EndGlobalSection
	GlobalSection(ProjectConfigurationPlatforms) = postSolution
		{7F3B9561-561E-4E5C-9FF1-B78C90377DA1}.Debug|Any CPU.ActiveCfg = Debug|Any CPU
		{7F3B9561-561E-4E5C-9FF1-B78C90377DA1}.Debug|Any CPU.Build.0 = Debug|Any CPU
		{7F3B9561-561E-4E5C-9FF1-B78C90377DA1}.Release|Any CPU.ActiveCfg = Release|Any CPU
		{7F3B9561-561E-4E5C-9FF1-B78C90377DA1}.Release|Any CPU.Build.0 = Release|Any CPU
		{A4D89AE0-FDF9-44D6-9D98-4B591ABF1E6C}.Debug|Any CPU.ActiveCfg = Debug|Any CPU
		{A4D89AE0-FDF9-44D6-9D98-4B591ABF1E6C}.Debug|Any CPU.Build.0 = Debug|Any CPU
		{A4D89AE0-FDF9-44D6-9D98-4B591ABF1E6C}.Release|Any CPU.ActiveCfg = Release|Any CPU
		{A4D89AE0-FDF9-44D6-9D98-4B591ABF1E6C}.Release|Any CPU.Build.0 = Release|Any CPU
	EndGlobalSection
	GlobalSection(SolutionProperties) = preSolution
		HideSolutionNode = FALSE
	EndGlobalSection
	GlobalSection(ExtensibilityGlobals) = postSolution
		SolutionGuid = {4BA709CF-2ED3-4F2A-82EE-C35A46C9A187}
	EndGlobalSection
EndGlobal
