
Microsoft Visual Studio Solution File, Format Version 12.00
# Visual Studio Version 17
VisualStudioVersion = 17.14.36121.58 d17.14
MinimumVisualStudioVersion = 10.0.40219.1
Project("{FAE04EC0-301F-11D3-BF4B-00C04F79EFBC}") = "100_PrimeNumbers", "100_PrimeNumbers\100_PrimeNumbers.csproj", "{7BB26189-E357-4EB2-8F5A-55AE34D83BF5}"
EndProject
Project("{FAE04EC0-301F-11D3-BF4B-00C04F79EFBC}") = "PrimeNumbersWPF", "PrimeNumbersWPF\PrimeNumbersWPF.csproj", "{FA1251F0-534E-400D-968F-5F5EDEDB964A}"
EndProject
Global
	GlobalSection(SolutionConfigurationPlatforms) = preSolution
		Debug|Any CPU = Debug|Any CPU
		Release|Any CPU = Release|Any CPU
	EndGlobalSection
	GlobalSection(ProjectConfigurationPlatforms) = postSolution
		{7BB26189-E357-4EB2-8F5A-55AE34D83BF5}.Debug|Any CPU.ActiveCfg = Debug|Any CPU
		{7BB26189-E357-4EB2-8F5A-55AE34D83BF5}.Debug|Any CPU.Build.0 = Debug|Any CPU
		{7BB26189-E357-4EB2-8F5A-55AE34D83BF5}.Release|Any CPU.ActiveCfg = Release|Any CPU
		{7BB26189-E357-4EB2-8F5A-55AE34D83BF5}.Release|Any CPU.Build.0 = Release|Any CPU
		{FA1251F0-534E-400D-968F-5F5EDEDB964A}.Debug|Any CPU.ActiveCfg = Debug|Any CPU
		{FA1251F0-534E-400D-968F-5F5EDEDB964A}.Debug|Any CPU.Build.0 = Debug|Any CPU
		{FA1251F0-534E-400D-968F-5F5EDEDB964A}.Release|Any CPU.ActiveCfg = Release|Any CPU
		{FA1251F0-534E-400D-968F-5F5EDEDB964A}.Release|Any CPU.Build.0 = Release|Any CPU
	EndGlobalSection
	GlobalSection(SolutionProperties) = preSolution
		HideSolutionNode = FALSE
	EndGlobalSection
	GlobalSection(ExtensibilityGlobals) = postSolution
		SolutionGuid = {0E152752-91AE-4C45-BD2D-661DA7FDAA45}
	EndGlobalSection
EndGlobal
