
Microsoft Visual Studio Solution File, Format Version 12.00
# Visual Studio Version 17
VisualStudioVersion = 17.14.36121.58 d17.14
MinimumVisualStudioVersion = 10.0.40219.1
Project("{FAE04EC0-301F-11D3-BF4B-00C04F79EFBC}") = "03_Übungsbeispiel_zu_GenerischeListe", "03_Übungsbeispiel_zu_GenerischeListe\03_Übungsbeispiel_zu_GenerischeListe.csproj", "{9BEEF2A3-AB2F-4DE2-8913-B7F6D09ADFCC}"
EndProject
Global
	GlobalSection(SolutionConfigurationPlatforms) = preSolution
		Debug|Any CPU = Debug|Any CPU
		Release|Any CPU = Release|Any CPU
	EndGlobalSection
	GlobalSection(ProjectConfigurationPlatforms) = postSolution
		{9BEEF2A3-AB2F-4DE2-8913-B7F6D09ADFCC}.Debug|Any CPU.ActiveCfg = Debug|Any CPU
		{9BEEF2A3-AB2F-4DE2-8913-B7F6D09ADFCC}.Debug|Any CPU.Build.0 = Debug|Any CPU
		{9BEEF2A3-AB2F-4DE2-8913-B7F6D09ADFCC}.Release|Any CPU.ActiveCfg = Release|Any CPU
		{9BEEF2A3-AB2F-4DE2-8913-B7F6D09ADFCC}.Release|Any CPU.Build.0 = Release|Any CPU
	EndGlobalSection
	GlobalSection(SolutionProperties) = preSolution
		HideSolutionNode = FALSE
	EndGlobalSection
	GlobalSection(ExtensibilityGlobals) = postSolution
		SolutionGuid = {14680A0C-9492-4F0E-B629-87A635D3135A}
	EndGlobalSection
EndGlobal
