
Microsoft Visual Studio Solution File, Format Version 12.00
# Visual Studio Version 17
VisualStudioVersion = 17.14.36623.8
MinimumVisualStudioVersion = 10.0.40219.1
Project("{FAE04EC0-301F-11D3-BF4B-00C04F79EFBC}") = "AsyncChatClient", "AsyncChatClient\AsyncChatClient.csproj", "{3D9C6D85-1B06-486A-9D44-822036B10A76}"
EndProject
Project("{FAE04EC0-301F-11D3-BF4B-00C04F79EFBC}") = "AsnycChatServer", "AsnycChatServer\AsnycChatServer.csproj", "{2F1441EB-69FA-4D34-802A-0BE48AB4B291}"
EndProject
Global
	GlobalSection(SolutionConfigurationPlatforms) = preSolution
		Debug|Any CPU = Debug|Any CPU
		Release|Any CPU = Release|Any CPU
	EndGlobalSection
	GlobalSection(ProjectConfigurationPlatforms) = postSolution
		{3D9C6D85-1B06-486A-9D44-822036B10A76}.Debug|Any CPU.ActiveCfg = Debug|Any CPU
		{3D9C6D85-1B06-486A-9D44-822036B10A76}.Debug|Any CPU.Build.0 = Debug|Any CPU
		{3D9C6D85-1B06-486A-9D44-822036B10A76}.Release|Any CPU.ActiveCfg = Release|Any CPU
		{3D9C6D85-1B06-486A-9D44-822036B10A76}.Release|Any CPU.Build.0 = Release|Any CPU
		{2F1441EB-69FA-4D34-802A-0BE48AB4B291}.Debug|Any CPU.ActiveCfg = Debug|Any CPU
		{2F1441EB-69FA-4D34-802A-0BE48AB4B291}.Debug|Any CPU.Build.0 = Debug|Any CPU
		{2F1441EB-69FA-4D34-802A-0BE48AB4B291}.Release|Any CPU.ActiveCfg = Release|Any CPU
		{2F1441EB-69FA-4D34-802A-0BE48AB4B291}.Release|Any CPU.Build.0 = Release|Any CPU
	EndGlobalSection
	GlobalSection(SolutionProperties) = preSolution
		HideSolutionNode = FALSE
	EndGlobalSection
	GlobalSection(ExtensibilityGlobals) = postSolution
		SolutionGuid = {0EFDB519-2FD9-4859-8B47-804F2955172B}
	EndGlobalSection
EndGlobal
